
Microsoft Visual Studio Solution File, Format Version 12.00
# Visual Studio Version 17
VisualStudioVersion = 17.0.31903.59
MinimumVisualStudioVersion = 10.0.40219.1
Project("{2150E333-8FDC-42A3-9474-1A3956D46DE8}") = "src", "src", "{3E3EA467-7C09-4D53-BE22-F37BA2B2795E}"
EndProject
Project("{FAE04EC0-301F-11D3-BF4B-00C04F79EFBC}") = "Library", "src\Library\Library.csproj", "{3A4559AA-6030-4DA9-B62E-689249E8DA23}"
EndProject
Project("{FAE04EC0-301F-11D3-BF4B-00C04F79EFBC}") = "Program", "src\Program\Program.csproj", "{C4ECB377-0469-4B3F-9578-4450B2560744}"
EndProject
Project("{2150E333-8FDC-42A3-9474-1A3956D46DE8}") = "test", "test", "{FF4A3CB0-53DC-40F0-B308-606D6F9E6495}"
EndProject
Project("{FAE04EC0-301F-11D3-BF4B-00C04F79EFBC}") = "Library.Tests", "test\Library.Tests\Library.Tests.csproj", "{58E6F070-3B98-4B08-A3C2-F2C9E08E610E}"
EndProject
Global
	GlobalSection(SolutionConfigurationPlatforms) = preSolution
		Debug|Any CPU = Debug|Any CPU
		Release|Any CPU = Release|Any CPU
	EndGlobalSection
	GlobalSection(SolutionProperties) = preSolution
		HideSolutionNode = FALSE
	EndGlobalSection
	GlobalSection(ProjectConfigurationPlatforms) = postSolution
		{3A4559AA-6030-4DA9-B62E-689249E8DA23}.Debug|Any CPU.ActiveCfg = Debug|Any CPU
		{3A4559AA-6030-4DA9-B62E-689249E8DA23}.Debug|Any CPU.Build.0 = Debug|Any CPU
		{3A4559AA-6030-4DA9-B62E-689249E8DA23}.Release|Any CPU.ActiveCfg = Release|Any CPU
		{3A4559AA-6030-4DA9-B62E-689249E8DA23}.Release|Any CPU.Build.0 = Release|Any CPU
		{C4ECB377-0469-4B3F-9578-4450B2560744}.Debug|Any CPU.ActiveCfg = Debug|Any CPU
		{C4ECB377-0469-4B3F-9578-4450B2560744}.Debug|Any CPU.Build.0 = Debug|Any CPU
		{C4ECB377-0469-4B3F-9578-4450B2560744}.Release|Any CPU.ActiveCfg = Release|Any CPU
		{C4ECB377-0469-4B3F-9578-4450B2560744}.Release|Any CPU.Build.0 = Release|Any CPU
		{58E6F070-3B98-4B08-A3C2-F2C9E08E610E}.Debug|Any CPU.ActiveCfg = Debug|Any CPU
		{58E6F070-3B98-4B08-A3C2-F2C9E08E610E}.Debug|Any CPU.Build.0 = Debug|Any CPU
		{58E6F070-3B98-4B08-A3C2-F2C9E08E610E}.Release|Any CPU.ActiveCfg = Release|Any CPU
		{58E6F070-3B98-4B08-A3C2-F2C9E08E610E}.Release|Any CPU.Build.0 = Release|Any CPU
	EndGlobalSection
	GlobalSection(NestedProjects) = preSolution
		{3A4559AA-6030-4DA9-B62E-689249E8DA23} = {3E3EA467-7C09-4D53-BE22-F37BA2B2795E}
		{C4ECB377-0469-4B3F-9578-4450B2560744} = {3E3EA467-7C09-4D53-BE22-F37BA2B2795E}
		{58E6F070-3B98-4B08-A3C2-F2C9E08E610E} = {FF4A3CB0-53DC-40F0-B308-606D6F9E6495}
	EndGlobalSection
EndGlobal
